
Microsoft Visual Studio Solution File, Format Version 12.00
# Visual Studio 15
VisualStudioVersion = 15.0.28010.2016
MinimumVisualStudioVersion = 10.0.40219.1
Project("{FAE04EC0-301F-11D3-BF4B-00C04F79EFBC}") = "AnimalsClass", "AnimalsClass\AnimalsClass.csproj", "{9EFAF354-0E86-471E-8E7B-2FA959A9CABD}"
EndProject
Project("{FAE04EC0-301F-11D3-BF4B-00C04F79EFBC}") = "AnimalConsole", "AnimalConsole\AnimalConsole.csproj", "{8E7EFEA4-C66C-4273-AFFF-CD25B3612C3D}"
EndProject
Global
	GlobalSection(SolutionConfigurationPlatforms) = preSolution
		Debug|Any CPU = Debug|Any CPU
		Release|Any CPU = Release|Any CPU
	EndGlobalSection
	GlobalSection(ProjectConfigurationPlatforms) = postSolution
		{9EFAF354-0E86-471E-8E7B-2FA959A9CABD}.Debug|Any CPU.ActiveCfg = Debug|Any CPU
		{9EFAF354-0E86-471E-8E7B-2FA959A9CABD}.Debug|Any CPU.Build.0 = Debug|Any CPU
		{9EFAF354-0E86-471E-8E7B-2FA959A9CABD}.Release|Any CPU.ActiveCfg = Release|Any CPU
		{9EFAF354-0E86-471E-8E7B-2FA959A9CABD}.Release|Any CPU.Build.0 = Release|Any CPU
		{8E7EFEA4-C66C-4273-AFFF-CD25B3612C3D}.Debug|Any CPU.ActiveCfg = Debug|Any CPU
		{8E7EFEA4-C66C-4273-AFFF-CD25B3612C3D}.Debug|Any CPU.Build.0 = Debug|Any CPU
		{8E7EFEA4-C66C-4273-AFFF-CD25B3612C3D}.Release|Any CPU.ActiveCfg = Release|Any CPU
		{8E7EFEA4-C66C-4273-AFFF-CD25B3612C3D}.Release|Any CPU.Build.0 = Release|Any CPU
	EndGlobalSection
	GlobalSection(SolutionProperties) = preSolution
		HideSolutionNode = FALSE
	EndGlobalSection
	GlobalSection(ExtensibilityGlobals) = postSolution
		SolutionGuid = {94C01B57-70FE-4815-BF26-75E783221962}
	EndGlobalSection
EndGlobal
